
Microsoft Visual Studio Solution File, Format Version 12.00
# Visual Studio Version 16
VisualStudioVersion = 16.0.808.3
MinimumVisualStudioVersion = 10.0.40219.1
Project("{FAE04EC0-301F-11D3-BF4B-00C04F79EFBC}") = "Library-API", "Library-API.csproj", "{D68D8328-C885-4601-B1C6-220BBACC02D8}"
EndProject
Global
	GlobalSection(SolutionConfigurationPlatforms) = preSolution
		Debug|Any CPU = Debug|Any CPU
		Release|Any CPU = Release|Any CPU
	EndGlobalSection
	GlobalSection(ProjectConfigurationPlatforms) = postSolution
		{D68D8328-C885-4601-B1C6-220BBACC02D8}.Debug|Any CPU.ActiveCfg = Debug|Any CPU
		{D68D8328-C885-4601-B1C6-220BBACC02D8}.Debug|Any CPU.Build.0 = Debug|Any CPU
		{D68D8328-C885-4601-B1C6-220BBACC02D8}.Release|Any CPU.ActiveCfg = Release|Any CPU
		{D68D8328-C885-4601-B1C6-220BBACC02D8}.Release|Any CPU.Build.0 = Release|Any CPU
	EndGlobalSection
	GlobalSection(SolutionProperties) = preSolution
		HideSolutionNode = FALSE
	EndGlobalSection
	GlobalSection(ExtensibilityGlobals) = postSolution
		SolutionGuid = {D585D337-8AC4-4907-8024-A1EA90B41584}
	EndGlobalSection
EndGlobal
